
Microsoft Visual Studio Solution File, Format Version 12.00
# Visual Studio Version 17
VisualStudioVersion = 17.7.34003.232
MinimumVisualStudioVersion = 10.0.40219.1
Project("{8BC9CEB8-8B4A-11D0-8D11-00A0C91BC942}") = "Engine", "Engine\Engine.vcxproj", "{7815AE7D-BB2F-4303-B20A-5F460629EB3A}"
EndProject
Project("{8BC9CEB8-8B4A-11D0-8D11-00A0C91BC942}") = "Client", "Client\Client.vcxproj", "{BA243000-AA08-4669-9829-B2F33F7AF79D}"
EndProject
Global
	GlobalSection(SolutionConfigurationPlatforms) = preSolution
		Debug|x64 = Debug|x64
		Debug|x86 = Debug|x86
		Release|x64 = Release|x64
		Release|x86 = Release|x86
	EndGlobalSection
	GlobalSection(ProjectConfigurationPlatforms) = postSolution
		{7815AE7D-BB2F-4303-B20A-5F460629EB3A}.Debug|x64.ActiveCfg = Debug|x64
		{7815AE7D-BB2F-4303-B20A-5F460629EB3A}.Debug|x64.Build.0 = Debug|x64
		{7815AE7D-BB2F-4303-B20A-5F460629EB3A}.Debug|x86.ActiveCfg = Debug|Win32
		{7815AE7D-BB2F-4303-B20A-5F460629EB3A}.Debug|x86.Build.0 = Debug|Win32
		{7815AE7D-BB2F-4303-B20A-5F460629EB3A}.Release|x64.ActiveCfg = Release|x64
		{7815AE7D-BB2F-4303-B20A-5F460629EB3A}.Release|x64.Build.0 = Release|x64
		{7815AE7D-BB2F-4303-B20A-5F460629EB3A}.Release|x86.ActiveCfg = Release|Win32
		{7815AE7D-BB2F-4303-B20A-5F460629EB3A}.Release|x86.Build.0 = Release|Win32
		{BA243000-AA08-4669-9829-B2F33F7AF79D}.Debug|x64.ActiveCfg = Debug|x64
		{BA243000-AA08-4669-9829-B2F33F7AF79D}.Debug|x64.Build.0 = Debug|x64
		{BA243000-AA08-4669-9829-B2F33F7AF79D}.Debug|x86.ActiveCfg = Debug|Win32
		{BA243000-AA08-4669-9829-B2F33F7AF79D}.Debug|x86.Build.0 = Debug|Win32
		{BA243000-AA08-4669-9829-B2F33F7AF79D}.Release|x64.ActiveCfg = Release|x64
		{BA243000-AA08-4669-9829-B2F33F7AF79D}.Release|x64.Build.0 = Release|x64
		{BA243000-AA08-4669-9829-B2F33F7AF79D}.Release|x86.ActiveCfg = Release|Win32
		{BA243000-AA08-4669-9829-B2F33F7AF79D}.Release|x86.Build.0 = Release|Win32
	EndGlobalSection
	GlobalSection(SolutionProperties) = preSolution
		HideSolutionNode = FALSE
	EndGlobalSection
	GlobalSection(ExtensibilityGlobals) = postSolution
		SolutionGuid = {2C3A7185-81C4-4DD1-9AFA-0A37BE34CE0B}
	EndGlobalSection
EndGlobal
