<?xml version="1.0" encoding="utf-8"?>
<Project ToolsVersion="4.0" xmlns="http://schemas.microsoft.com/developer/msbuild/2003">
  <ItemGroup>
    <Filter Include="Game">
      <UniqueIdentifier>{798a8f02-54b2-4462-b42a-80df7620e087}</UniqueIdentifier>
    </Filter>
    <Filter Include="Shaders">
      <UniqueIdentifier>{a71c9a64-e565-4c94-bafe-51e742a04301}</UniqueIdentifier>
    </Filter>
    <Filter Include="Main">
      <UniqueIdentifier>{acc1b5b6-5874-4ecf-bd9d-642051408a67}</UniqueIdentifier>
    </Filter>
    <Filter Include="Main\Camera">
      <UniqueIdentifier>{2cfaa282-b10d-49ee-881a-53c84e218ac2}</UniqueIdentifier>
    </Filter>
    <Filter Include="Game\Week2">
      <UniqueIdentifier>{b251a3ca-64cc-4ad7-a1df-76995753729a}</UniqueIdentifier>
    </Filter>
    <Filter Include="Shaders\Week2">
      <UniqueIdentifier>{86bb64ee-5cea-41cf-a754-d91568a4176d}</UniqueIdentifier>
    </Filter>
    <Filter Include="Shaders\Common">
      <UniqueIdentifier>{4b9774ac-833a-4783-941e-4fcf81563984}</UniqueIdentifier>
    </Filter>
    <Filter Include="Shaders\Week1">
      <UniqueIdentifier>{91d1cffe-52b3-42a0-b3ce-c27f1c65c749}</UniqueIdentifier>
    </Filter>
    <Filter Include="Game\Week3">
      <UniqueIdentifier>{2f7cf9df-c6e0-415e-b37d-e89582319270}</UniqueIdentifier>
    </Filter>
    <Filter Include="Shaders\Week3">
      <UniqueIdentifier>{ece9fa05-7f2f-4425-bc1c-3866f7cb4852}</UniqueIdentifier>
    </Filter>
  </ItemGroup>
  <ItemGroup>
    <ClCompile Include="pch.cpp">
      <Filter>Main</Filter>
    </ClCompile>
    <ClCompile Include="Main.cpp">
      <Filter>Main</Filter>
    </ClCompile>
    <ClCompile Include="CameraScript.cpp">
      <Filter>Main\Camera</Filter>
    </ClCompile>
    <ClCompile Include="GlobalTestDemo.cpp">
      <Filter>Game\Week2</Filter>
    </ClCompile>
    <ClCompile Include="DepthStencilDemo.cpp">
      <Filter>Game\Week2</Filter>
    </ClCompile>
    <ClCompile Include="AmbientDemo.cpp">
      <Filter>Game\Week2</Filter>
    </ClCompile>
    <ClCompile Include="DiffuseDemo.cpp">
      <Filter>Game\Week2</Filter>
    </ClCompile>
    <ClCompile Include="SpecularDemo.cpp">
      <Filter>Game\Week2</Filter>
    </ClCompile>
    <ClCompile Include="EmissiveDemo.cpp">
      <Filter>Game\Week2</Filter>
    </ClCompile>
    <ClCompile Include="LightingDemo.cpp">
      <Filter>Game\Week2</Filter>
    </ClCompile>
    <ClCompile Include="MaterialDemo.cpp">
      <Filter>Game\Week2</Filter>
    </ClCompile>
    <ClCompile Include="NormalMappingDemo.cpp">
      <Filter>Game\Week2</Filter>
    </ClCompile>
  </ItemGroup>
  <ItemGroup>
    <ClInclude Include="pch.h">
      <Filter>Main</Filter>
    </ClInclude>
    <ClInclude Include="Main.h">
      <Filter>Main</Filter>
    </ClInclude>
    <ClInclude Include="CameraScript.h">
      <Filter>Main\Camera</Filter>
    </ClInclude>
    <ClInclude Include="GlobalTestDemo.h">
      <Filter>Game\Week2</Filter>
    </ClInclude>
    <ClInclude Include="DepthStencilDemo.h">
      <Filter>Game\Week2</Filter>
    </ClInclude>
    <ClInclude Include="AmbientDemo.h">
      <Filter>Game\Week2</Filter>
    </ClInclude>
    <ClInclude Include="DiffuseDemo.h">
      <Filter>Game\Week2</Filter>
    </ClInclude>
    <ClInclude Include="SpecularDemo.h">
      <Filter>Game\Week2</Filter>
    </ClInclude>
    <ClInclude Include="EmissiveDemo.h">
      <Filter>Game\Week2</Filter>
    </ClInclude>
    <ClInclude Include="LightingDemo.h">
      <Filter>Game\Week2</Filter>
    </ClInclude>
    <ClInclude Include="MaterialDemo.h">
      <Filter>Game\Week2</Filter>
    </ClInclude>
    <ClInclude Include="NormalMappingDemo.h">
      <Filter>Game\Week2</Filter>
    </ClInclude>
  </ItemGroup>
  <ItemGroup>
    <FxCompile Include="..\Shaders\ConstantBuffer.fx">
      <Filter>Shaders\Week1</Filter>
    </FxCompile>
    <FxCompile Include="..\Shaders\Normal.fx">
      <Filter>Shaders\Week1</Filter>
    </FxCompile>
    <FxCompile Include="..\Shaders\Quad.fx">
      <Filter>Shaders\Week1</Filter>
    </FxCompile>
    <FxCompile Include="..\Shaders\Sampler.fx">
      <Filter>Shaders\Week1</Filter>
    </FxCompile>
    <FxCompile Include="..\Shaders\Terrain.fx">
      <Filter>Shaders\Week1</Filter>
    </FxCompile>
    <FxCompile Include="..\Shaders\Texture.fx">
      <Filter>Shaders\Week1</Filter>
    </FxCompile>
    <FxCompile Include="..\Shaders\Triangle.fx">
      <Filter>Shaders\Week1</Filter>
    </FxCompile>
    <FxCompile Include="..\Shaders\Global.fx">
      <Filter>Shaders\Common</Filter>
    </FxCompile>
    <FxCompile Include="..\Shaders\GlobalTest.fx">
      <Filter>Shaders\Week2</Filter>
    </FxCompile>
    <FxCompile Include="..\Shaders\Lighting_Ambient.fx">
      <Filter>Shaders\Week2</Filter>
    </FxCompile>
    <FxCompile Include="..\Shaders\Lighting_Diffuse.fx">
      <Filter>Shaders\Week2</Filter>
    </FxCompile>
    <FxCompile Include="..\Shaders\Lighting_Specular.fx">
      <Filter>Shaders\Week2</Filter>
    </FxCompile>
    <FxCompile Include="..\Shaders\Lighting_Emissive.fx">
      <Filter>Shaders\Week2</Filter>
    </FxCompile>
    <FxCompile Include="..\Shaders\Lighting.fx">
      <Filter>Shaders\Week2</Filter>
    </FxCompile>
    <FxCompile Include="..\Shaders\Light.fx">
      <Filter>Shaders\Common</Filter>
    </FxCompile>
    <FxCompile Include="..\Shaders\NormalMapping.fx">
      <Filter>Shaders\Week2</Filter>
    </FxCompile>
    <FxCompile Include="..\Shaders\ModelDemo.fx">
      <Filter>Shaders\Week3</Filter>
    </FxCompile>
    <FxCompile Include="..\Shaders\AnimationDemo.fx">
      <Filter>Shaders\Week3</Filter>
    </FxCompile>
  </ItemGroup>
</Project>