<?xml version="1.0" encoding="utf-8"?>
<Project ToolsVersion="4.0" xmlns="http://schemas.microsoft.com/developer/msbuild/2003">
  <ItemGroup>
    <Filter Include="Game">
      <UniqueIdentifier>{798a8f02-54b2-4462-b42a-80df7620e087}</UniqueIdentifier>
    </Filter>
    <Filter Include="Shaders">
      <UniqueIdentifier>{a71c9a64-e565-4c94-bafe-51e742a04301}</UniqueIdentifier>
    </Filter>
    <Filter Include="Main">
      <UniqueIdentifier>{acc1b5b6-5874-4ecf-bd9d-642051408a67}</UniqueIdentifier>
    </Filter>
    <Filter Include="Main\Camera">
      <UniqueIdentifier>{2cfaa282-b10d-49ee-881a-53c84e218ac2}</UniqueIdentifier>
    </Filter>
  </ItemGroup>
  <ItemGroup>
    <ClCompile Include="pch.cpp">
      <Filter>Main</Filter>
    </ClCompile>
    <ClCompile Include="Main.cpp">
      <Filter>Main</Filter>
    </ClCompile>
    <ClCompile Include="TriangleDemo.cpp">
      <Filter>Game</Filter>
    </ClCompile>
    <ClCompile Include="QuadDemo.cpp">
      <Filter>Game</Filter>
    </ClCompile>
    <ClCompile Include="ConstantBufferDemo.cpp">
      <Filter>Game</Filter>
    </ClCompile>
    <ClCompile Include="CameraDemo.cpp">
      <Filter>Game</Filter>
    </ClCompile>
    <ClCompile Include="CameraScript.cpp">
      <Filter>Main\Camera</Filter>
    </ClCompile>
    <ClCompile Include="TextureDemo.cpp">
      <Filter>Game</Filter>
    </ClCompile>
  </ItemGroup>
  <ItemGroup>
    <ClInclude Include="pch.h">
      <Filter>Main</Filter>
    </ClInclude>
    <ClInclude Include="Main.h">
      <Filter>Main</Filter>
    </ClInclude>
    <ClInclude Include="TriangleDemo.h">
      <Filter>Game</Filter>
    </ClInclude>
    <ClInclude Include="QuadDemo.h">
      <Filter>Game</Filter>
    </ClInclude>
    <ClInclude Include="ConstantBufferDemo.h">
      <Filter>Game</Filter>
    </ClInclude>
    <ClInclude Include="CameraDemo.h">
      <Filter>Game</Filter>
    </ClInclude>
    <ClInclude Include="CameraScript.h">
      <Filter>Main\Camera</Filter>
    </ClInclude>
    <ClInclude Include="TextureDemo.h">
      <Filter>Game</Filter>
    </ClInclude>
  </ItemGroup>
  <ItemGroup>
    <FxCompile Include="..\Shaders\Triangle.fx">
      <Filter>Shaders</Filter>
    </FxCompile>
    <FxCompile Include="..\Shaders\Quad.fx">
      <Filter>Shaders</Filter>
    </FxCompile>
    <FxCompile Include="..\Shaders\ConstantBuffer.fx">
      <Filter>Shaders</Filter>
    </FxCompile>
    <FxCompile Include="..\Shaders\Texture.fx">
      <Filter>Shaders</Filter>
    </FxCompile>
  </ItemGroup>
</Project>